
Microsoft Visual Studio Solution File, Format Version 12.00
# Visual Studio Version 16
VisualStudioVersion = 16.0.30717.126
MinimumVisualStudioVersion = 10.0.40219.1
Project("{FAE04EC0-301F-11D3-BF4B-00C04F79EFBC}") = "IceCreamParlorApi", "IceCreamParlorApi\IceCreamParlorApi.csproj", "{494A95CA-D0CF-4FF5-85A3-1E912B908D71}"
EndProject
Global
	GlobalSection(SolutionConfigurationPlatforms) = preSolution
		Debug|Any CPU = Debug|Any CPU
		Release|Any CPU = Release|Any CPU
	EndGlobalSection
	GlobalSection(ProjectConfigurationPlatforms) = postSolution
		{494A95CA-D0CF-4FF5-85A3-1E912B908D71}.Debug|Any CPU.ActiveCfg = Debug|Any CPU
		{494A95CA-D0CF-4FF5-85A3-1E912B908D71}.Debug|Any CPU.Build.0 = Debug|Any CPU
		{494A95CA-D0CF-4FF5-85A3-1E912B908D71}.Release|Any CPU.ActiveCfg = Release|Any CPU
		{494A95CA-D0CF-4FF5-85A3-1E912B908D71}.Release|Any CPU.Build.0 = Release|Any CPU
	EndGlobalSection
	GlobalSection(SolutionProperties) = preSolution
		HideSolutionNode = FALSE
	EndGlobalSection
	GlobalSection(ExtensibilityGlobals) = postSolution
		SolutionGuid = {B23AD97A-A3AE-4753-9C8B-BF4E10CB6E17}
	EndGlobalSection
EndGlobal
